# This file is automatically @generated by Cargo.
# It is not intended for manual editing.
version = 4

[[package]]
name = "example-actor"
version = "0.1.0"

[[package]]
name = "telemetra-client"
version = "0.1.0"

[[package]]
name = "telemetra-leader"
version = "0.1.0"

[[package]]
name = "telemetra-sdk"
version = "0.1.0"
